
Microsoft Visual Studio Solution File, Format Version 12.00
# Visual Studio 2015
Project("{FAE04EC0-301F-11D3-BF4B-00C04F79EFBC}") = "gyarb-rel-01.CSharp.Plugins", "gyarb-rel-01.CSharp.Plugins.csproj", "{955C7534-B292-90E8-88CE-66D95B71B5D2}"
EndProject
Project("{FAE04EC0-301F-11D3-BF4B-00C04F79EFBC}") = "gyarb-rel-01.CSharp", "gyarb-rel-01.CSharp.csproj", "{7C4ED290-8568-2E04-8EFD-D13744BED79A}"
EndProject
Project("{FAE04EC0-301F-11D3-BF4B-00C04F79EFBC}") = "gyarb-rel-01.CSharp.Editor", "gyarb-rel-01.CSharp.Editor.csproj", "{FE568A73-C307-19E4-E589-0F1C66D645BE}"
EndProject
Global
	GlobalSection(SolutionConfigurationPlatforms) = preSolution
		Debug|Any CPU = Debug|Any CPU
		Release|Any CPU = Release|Any CPU
	EndGlobalSection
	GlobalSection(ProjectConfigurationPlatforms) = postSolution
		{955C7534-B292-90E8-88CE-66D95B71B5D2}.Debug|Any CPU.ActiveCfg = Debug|Any CPU
		{955C7534-B292-90E8-88CE-66D95B71B5D2}.Debug|Any CPU.Build.0 = Debug|Any CPU
		{955C7534-B292-90E8-88CE-66D95B71B5D2}.Release|Any CPU.ActiveCfg = Release|Any CPU
		{955C7534-B292-90E8-88CE-66D95B71B5D2}.Release|Any CPU.Build.0 = Release|Any CPU
		{7C4ED290-8568-2E04-8EFD-D13744BED79A}.Debug|Any CPU.ActiveCfg = Debug|Any CPU
		{7C4ED290-8568-2E04-8EFD-D13744BED79A}.Debug|Any CPU.Build.0 = Debug|Any CPU
		{7C4ED290-8568-2E04-8EFD-D13744BED79A}.Release|Any CPU.ActiveCfg = Release|Any CPU
		{7C4ED290-8568-2E04-8EFD-D13744BED79A}.Release|Any CPU.Build.0 = Release|Any CPU
		{FE568A73-C307-19E4-E589-0F1C66D645BE}.Debug|Any CPU.ActiveCfg = Debug|Any CPU
		{FE568A73-C307-19E4-E589-0F1C66D645BE}.Debug|Any CPU.Build.0 = Debug|Any CPU
		{FE568A73-C307-19E4-E589-0F1C66D645BE}.Release|Any CPU.ActiveCfg = Release|Any CPU
		{FE568A73-C307-19E4-E589-0F1C66D645BE}.Release|Any CPU.Build.0 = Release|Any CPU
	EndGlobalSection
	GlobalSection(SolutionProperties) = preSolution
		HideSolutionNode = FALSE
	EndGlobalSection
EndGlobal
